
Microsoft Visual Studio Solution File, Format Version 12.00
# Visual Studio Version 16
VisualStudioVersion = 16.0.31205.134
MinimumVisualStudioVersion = 10.0.40219.1
Project("{FAE04EC0-301F-11D3-BF4B-00C04F79EFBC}") = "ZeroChatLite", "ZeroChatLite\ZeroChatLite.csproj", "{DB2205E3-ABF3-4CC0-9B0E-C5B185952058}"
EndProject
Project("{FAE04EC0-301F-11D3-BF4B-00C04F79EFBC}") = "ChatLibrary", "ChatLibrary\ChatLibrary.csproj", "{055A4A01-73E7-4691-906E-143CE4F2D17C}"
EndProject
Global
	GlobalSection(SolutionConfigurationPlatforms) = preSolution
		Debug|Any CPU = Debug|Any CPU
		Release|Any CPU = Release|Any CPU
	EndGlobalSection
	GlobalSection(ProjectConfigurationPlatforms) = postSolution
		{DB2205E3-ABF3-4CC0-9B0E-C5B185952058}.Debug|Any CPU.ActiveCfg = Debug|Any CPU
		{DB2205E3-ABF3-4CC0-9B0E-C5B185952058}.Debug|Any CPU.Build.0 = Debug|Any CPU
		{DB2205E3-ABF3-4CC0-9B0E-C5B185952058}.Release|Any CPU.ActiveCfg = Release|Any CPU
		{DB2205E3-ABF3-4CC0-9B0E-C5B185952058}.Release|Any CPU.Build.0 = Release|Any CPU
		{055A4A01-73E7-4691-906E-143CE4F2D17C}.Debug|Any CPU.ActiveCfg = Debug|Any CPU
		{055A4A01-73E7-4691-906E-143CE4F2D17C}.Debug|Any CPU.Build.0 = Debug|Any CPU
		{055A4A01-73E7-4691-906E-143CE4F2D17C}.Release|Any CPU.ActiveCfg = Release|Any CPU
		{055A4A01-73E7-4691-906E-143CE4F2D17C}.Release|Any CPU.Build.0 = Release|Any CPU
	EndGlobalSection
	GlobalSection(SolutionProperties) = preSolution
		HideSolutionNode = FALSE
	EndGlobalSection
	GlobalSection(ExtensibilityGlobals) = postSolution
		SolutionGuid = {B6D45B06-EAC3-4606-869F-36C3CD19E42D}
	EndGlobalSection
EndGlobal
